
Microsoft Visual Studio Solution File, Format Version 12.00
# Visual Studio 14
VisualStudioVersion = 14.0.25123.0
MinimumVisualStudioVersion = 10.0.40219.1
Project("{FAE04EC0-301F-11D3-BF4B-00C04F79EFBC}") = "AngularMVCAuthentication", "AngularMVCAuthentication\AngularMVCAuthentication.csproj", "{9BA0FF07-4857-4C5A-AAA6-31ABB679DDF8}"
EndProject
Project("{FAE04EC0-301F-11D3-BF4B-00C04F79EFBC}") = "Angular", "Angular\Angular.csproj", "{30001859-9B5A-4190-9CED-FF11D58FC585}"
EndProject
Project("{FAE04EC0-301F-11D3-BF4B-00C04F79EFBC}") = "AngularMVC", "AngularMVC\AngularMVC.csproj", "{8FC4AA0D-8505-44ED-ABD6-1EB35502EF86}"
EndProject
Project("{FAE04EC0-301F-11D3-BF4B-00C04F79EFBC}") = "AngularMVCCustomAuthentication", "AngularMVCCustomAuthentication\AngularMVCCustomAuthentication.csproj", "{5DBBE283-D8AF-4D3D-80B2-83AD5152005F}"
EndProject
Project("{FAE04EC0-301F-11D3-BF4B-00C04F79EFBC}") = "DataModel", "DataModel\DataModel.csproj", "{4B9C8FA0-FB94-4C0C-A276-3346BE69BCA0}"
EndProject
Global
	GlobalSection(SolutionConfigurationPlatforms) = preSolution
		Debug|Any CPU = Debug|Any CPU
		Release|Any CPU = Release|Any CPU
	EndGlobalSection
	GlobalSection(ProjectConfigurationPlatforms) = postSolution
		{9BA0FF07-4857-4C5A-AAA6-31ABB679DDF8}.Debug|Any CPU.ActiveCfg = Debug|Any CPU
		{9BA0FF07-4857-4C5A-AAA6-31ABB679DDF8}.Debug|Any CPU.Build.0 = Debug|Any CPU
		{9BA0FF07-4857-4C5A-AAA6-31ABB679DDF8}.Release|Any CPU.ActiveCfg = Release|Any CPU
		{9BA0FF07-4857-4C5A-AAA6-31ABB679DDF8}.Release|Any CPU.Build.0 = Release|Any CPU
		{30001859-9B5A-4190-9CED-FF11D58FC585}.Debug|Any CPU.ActiveCfg = Debug|Any CPU
		{30001859-9B5A-4190-9CED-FF11D58FC585}.Debug|Any CPU.Build.0 = Debug|Any CPU
		{30001859-9B5A-4190-9CED-FF11D58FC585}.Release|Any CPU.ActiveCfg = Release|Any CPU
		{30001859-9B5A-4190-9CED-FF11D58FC585}.Release|Any CPU.Build.0 = Release|Any CPU
		{8FC4AA0D-8505-44ED-ABD6-1EB35502EF86}.Debug|Any CPU.ActiveCfg = Debug|Any CPU
		{8FC4AA0D-8505-44ED-ABD6-1EB35502EF86}.Debug|Any CPU.Build.0 = Debug|Any CPU
		{8FC4AA0D-8505-44ED-ABD6-1EB35502EF86}.Release|Any CPU.ActiveCfg = Release|Any CPU
		{8FC4AA0D-8505-44ED-ABD6-1EB35502EF86}.Release|Any CPU.Build.0 = Release|Any CPU
		{5DBBE283-D8AF-4D3D-80B2-83AD5152005F}.Debug|Any CPU.ActiveCfg = Debug|Any CPU
		{5DBBE283-D8AF-4D3D-80B2-83AD5152005F}.Debug|Any CPU.Build.0 = Debug|Any CPU
		{5DBBE283-D8AF-4D3D-80B2-83AD5152005F}.Release|Any CPU.ActiveCfg = Release|Any CPU
		{5DBBE283-D8AF-4D3D-80B2-83AD5152005F}.Release|Any CPU.Build.0 = Release|Any CPU
		{4B9C8FA0-FB94-4C0C-A276-3346BE69BCA0}.Debug|Any CPU.ActiveCfg = Debug|Any CPU
		{4B9C8FA0-FB94-4C0C-A276-3346BE69BCA0}.Debug|Any CPU.Build.0 = Debug|Any CPU
		{4B9C8FA0-FB94-4C0C-A276-3346BE69BCA0}.Release|Any CPU.ActiveCfg = Release|Any CPU
		{4B9C8FA0-FB94-4C0C-A276-3346BE69BCA0}.Release|Any CPU.Build.0 = Release|Any CPU
	EndGlobalSection
	GlobalSection(SolutionProperties) = preSolution
		HideSolutionNode = FALSE
	EndGlobalSection
EndGlobal
